{
  "nodes": {
    "litrepl": {
      "inputs": {
        "nixpkgs": "nixpkgs"
      },
      "locked": {
        "lastModified": 1783709241,
        "narHash": "sha256-6oQf9CsP0UvbxdWjmIE7qCSpKFlV2096bETlKI7AjbA=",
        "owner": "sergei-mironov",
        "repo": "litrepl",
        "rev": "14fe43995d9dcfde69d6adfa2bc2a51f88de9f2b",
        "type": "github"
      },
      "original": {
        "owner": "sergei-mironov",
        "repo": "litrepl",
        "type": "github"
      }
    },
    "nixpkgs": {
      "locked": {
        "lastModified": 1742218846,
        "narHash": "sha256-uVO7Uquz+noiOGNxEoRQheH/TjNFTNVEVgEspQViwBE=",
        "owner": "grwlf",
        "repo": "nixpkgs",
        "rev": "a545cb348c64af8989ce61260b5e2edcfcfa6185",
        "type": "github"
      },
      "original": {
        "owner": "grwlf",
        "ref": "local17.2",
        "repo": "nixpkgs",
        "type": "github"
      }
    },
    "nixpkgs_2": {
      "locked": {
        "lastModified": 1784281566,
        "narHash": "sha256-Vyw1jK7FBSyUVW3fXcmU+2cyO1ESGa2NHf6PNRfkdvw=",
        "owner": "sergei-mironov",
        "repo": "nixpkgs",
        "rev": "caf96c60c8647c155f42907e3b050d8efca34f45",
        "type": "github"
      },
      "original": {
        "owner": "sergei-mironov",
        "ref": "local19",
        "repo": "nixpkgs",
        "type": "github"
      }
    },
    "root": {
      "inputs": {
        "litrepl": "litrepl",
        "nixpkgs": "nixpkgs_2"
      }
    }
  },
  "root": "root",
  "version": 7
}
