{
  "nodes": {
    "nixpkgs": {
      "locked": {
        "lastModified": 1749811874,
        "narHash": "sha256-ZzqBCS3Ux3/2kmmV2L+BiIQi6//A3me8JW7BP7ATcRM=",
        "owner": "grwlf",
        "repo": "nixpkgs",
        "rev": "5f9e00397381dac699e5d6225eab383eb9f90123",
        "type": "github"
      },
      "original": {
        "owner": "grwlf",
        "ref": "local17.2",
        "repo": "nixpkgs",
        "type": "github"
      }
    },
    "root": {
      "inputs": {
        "nixpkgs": "nixpkgs"
      }
    }
  },
  "root": "root",
  "version": 7
}
